
Microsoft Visual Studio Solution File, Format Version 12.00
# Visual Studio Version 17
VisualStudioVersion = 17.11.35312.102
MinimumVisualStudioVersion = 10.0.40219.1
Project("{FAE04EC0-301F-11D3-BF4B-00C04F79EFBC}") = "Lab mid", "Lab mid.csproj", "{6F82CEBB-1BD2-4753-BEC2-3D06720DAB1C}"
EndProject
Global
	GlobalSection(SolutionConfigurationPlatforms) = preSolution
		Debug|Any CPU = Debug|Any CPU
		Release|Any CPU = Release|Any CPU
	EndGlobalSection
	GlobalSection(ProjectConfigurationPlatforms) = postSolution
		{6F82CEBB-1BD2-4753-BEC2-3D06720DAB1C}.Debug|Any CPU.ActiveCfg = Debug|Any CPU
		{6F82CEBB-1BD2-4753-BEC2-3D06720DAB1C}.Debug|Any CPU.Build.0 = Debug|Any CPU
		{6F82CEBB-1BD2-4753-BEC2-3D06720DAB1C}.Release|Any CPU.ActiveCfg = Release|Any CPU
		{6F82CEBB-1BD2-4753-BEC2-3D06720DAB1C}.Release|Any CPU.Build.0 = Release|Any CPU
	EndGlobalSection
	GlobalSection(SolutionProperties) = preSolution
		HideSolutionNode = FALSE
	EndGlobalSection
	GlobalSection(ExtensibilityGlobals) = postSolution
		SolutionGuid = {77E2EC6F-E788-456B-B8CC-D84A2432866E}
	EndGlobalSection
EndGlobal
